
Microsoft Visual Studio Solution File, Format Version 12.00
# Visual Studio Version 17
VisualStudioVersion = 17.9.34616.47
MinimumVisualStudioVersion = 10.0.40219.1
Project("{9A19103F-16F7-4668-BE54-9A1E7A4F7556}") = "MyPokemonBlazorApp", "MyPokemonBlazorApp\MyPokemonBlazorApp.csproj", "{338CFEB9-238D-44EE-A2CB-725ADAD22DF7}"
EndProject
Global
	GlobalSection(SolutionConfigurationPlatforms) = preSolution
		Debug|Any CPU = Debug|Any CPU
		Release|Any CPU = Release|Any CPU
	EndGlobalSection
	GlobalSection(ProjectConfigurationPlatforms) = postSolution
		{338CFEB9-238D-44EE-A2CB-725ADAD22DF7}.Debug|Any CPU.ActiveCfg = Debug|Any CPU
		{338CFEB9-238D-44EE-A2CB-725ADAD22DF7}.Debug|Any CPU.Build.0 = Debug|Any CPU
		{338CFEB9-238D-44EE-A2CB-725ADAD22DF7}.Release|Any CPU.ActiveCfg = Release|Any CPU
		{338CFEB9-238D-44EE-A2CB-725ADAD22DF7}.Release|Any CPU.Build.0 = Release|Any CPU
	EndGlobalSection
	GlobalSection(SolutionProperties) = preSolution
		HideSolutionNode = FALSE
	EndGlobalSection
	GlobalSection(ExtensibilityGlobals) = postSolution
		SolutionGuid = {2840A2E5-FDD1-49FC-94A1-3897E8BBB657}
	EndGlobalSection
EndGlobal
